
Microsoft Visual Studio Solution File, Format Version 12.00
# Visual Studio 14
VisualStudioVersion = 14.0.25420.1
MinimumVisualStudioVersion = 10.0.40219.1
Project("{FAE04EC0-301F-11D3-BF4B-00C04F79EFBC}") = "UserService", "UserService.csproj", "{BD895871-38B9-4A9A-A362-16746FA56E44}"
EndProject
Project("{FAE04EC0-301F-11D3-BF4B-00C04F79EFBC}") = "Models", "..\Models\Models.csproj", "{43A8D80B-27E8-4840-9445-DFFB9D3CC6B7}"
EndProject
Project("{FAE04EC0-301F-11D3-BF4B-00C04F79EFBC}") = "Models.Service", "..\Models.Service\Models.Service.csproj", "{04449173-BAFF-433F-8914-FE92F4089404}"
EndProject
Project("{FAE04EC0-301F-11D3-BF4B-00C04F79EFBC}") = "Tests", "..\Tests\Tests.csproj", "{04A8C4C9-BCFF-41FB-A9D6-B98FD25A8C10}"
EndProject
Project("{FAE04EC0-301F-11D3-BF4B-00C04F79EFBC}") = "Db.Service", "..\Db.Service\Db.Service.csproj", "{E2B12F4B-EB5C-4350-AA72-505E2303BD85}"
EndProject
Global
	GlobalSection(SolutionConfigurationPlatforms) = preSolution
		Debug|Any CPU = Debug|Any CPU
		Release|Any CPU = Release|Any CPU
	EndGlobalSection
	GlobalSection(ProjectConfigurationPlatforms) = postSolution
		{BD895871-38B9-4A9A-A362-16746FA56E44}.Debug|Any CPU.ActiveCfg = Debug|Any CPU
		{BD895871-38B9-4A9A-A362-16746FA56E44}.Debug|Any CPU.Build.0 = Debug|Any CPU
		{BD895871-38B9-4A9A-A362-16746FA56E44}.Release|Any CPU.ActiveCfg = Release|Any CPU
		{BD895871-38B9-4A9A-A362-16746FA56E44}.Release|Any CPU.Build.0 = Release|Any CPU
		{43A8D80B-27E8-4840-9445-DFFB9D3CC6B7}.Debug|Any CPU.ActiveCfg = Debug|Any CPU
		{43A8D80B-27E8-4840-9445-DFFB9D3CC6B7}.Debug|Any CPU.Build.0 = Debug|Any CPU
		{43A8D80B-27E8-4840-9445-DFFB9D3CC6B7}.Release|Any CPU.ActiveCfg = Release|Any CPU
		{43A8D80B-27E8-4840-9445-DFFB9D3CC6B7}.Release|Any CPU.Build.0 = Release|Any CPU
		{04449173-BAFF-433F-8914-FE92F4089404}.Debug|Any CPU.ActiveCfg = Debug|Any CPU
		{04449173-BAFF-433F-8914-FE92F4089404}.Debug|Any CPU.Build.0 = Debug|Any CPU
		{04449173-BAFF-433F-8914-FE92F4089404}.Release|Any CPU.ActiveCfg = Release|Any CPU
		{04449173-BAFF-433F-8914-FE92F4089404}.Release|Any CPU.Build.0 = Release|Any CPU
		{04A8C4C9-BCFF-41FB-A9D6-B98FD25A8C10}.Debug|Any CPU.ActiveCfg = Debug|Any CPU
		{04A8C4C9-BCFF-41FB-A9D6-B98FD25A8C10}.Debug|Any CPU.Build.0 = Debug|Any CPU
		{04A8C4C9-BCFF-41FB-A9D6-B98FD25A8C10}.Release|Any CPU.ActiveCfg = Release|Any CPU
		{04A8C4C9-BCFF-41FB-A9D6-B98FD25A8C10}.Release|Any CPU.Build.0 = Release|Any CPU
		{E2B12F4B-EB5C-4350-AA72-505E2303BD85}.Debug|Any CPU.ActiveCfg = Debug|Any CPU
		{E2B12F4B-EB5C-4350-AA72-505E2303BD85}.Debug|Any CPU.Build.0 = Debug|Any CPU
		{E2B12F4B-EB5C-4350-AA72-505E2303BD85}.Release|Any CPU.ActiveCfg = Release|Any CPU
		{E2B12F4B-EB5C-4350-AA72-505E2303BD85}.Release|Any CPU.Build.0 = Release|Any CPU
	EndGlobalSection
	GlobalSection(SolutionProperties) = preSolution
		HideSolutionNode = FALSE
	EndGlobalSection
EndGlobal
